
Microsoft Visual Studio Solution File, Format Version 12.00
# Visual Studio 14
VisualStudioVersion = 14.0.25420.1
MinimumVisualStudioVersion = 10.0.40219.1
Project("{FAE04EC0-301F-11D3-BF4B-00C04F79EFBC}") = "ng2mvcdemo2", "ng2mvcdemo2\ng2mvcdemo2.csproj", "{798CC0FE-E324-43D0-8F1A-CD425C180D72}"
EndProject
Global
	GlobalSection(SolutionConfigurationPlatforms) = preSolution
		Debug|Any CPU = Debug|Any CPU
		Release|Any CPU = Release|Any CPU
	EndGlobalSection
	GlobalSection(ProjectConfigurationPlatforms) = postSolution
		{798CC0FE-E324-43D0-8F1A-CD425C180D72}.Debug|Any CPU.ActiveCfg = Debug|Any CPU
		{798CC0FE-E324-43D0-8F1A-CD425C180D72}.Debug|Any CPU.Build.0 = Debug|Any CPU
		{798CC0FE-E324-43D0-8F1A-CD425C180D72}.Release|Any CPU.ActiveCfg = Release|Any CPU
		{798CC0FE-E324-43D0-8F1A-CD425C180D72}.Release|Any CPU.Build.0 = Release|Any CPU
	EndGlobalSection
	GlobalSection(SolutionProperties) = preSolution
		HideSolutionNode = FALSE
	EndGlobalSection
EndGlobal
